// !$*UTF8*$!
{
	archiveVersion = 1;
	classes = {
	};
	objectVersion = 46;
	objects = {

/* Begin PBXBuildFile section */
		37756A051DE7A8F8009F197A /* Emojica.framework in Frameworks */ = {isa = PBXBuildFile; fileRef = 37CF900E1DE3B4A700FAE008 /* Emojica.framework */; };
		37756A061DE7A8F8009F197A /* Emojica.framework in Embed Frameworks */ = {isa = PBXBuildFile; fileRef = 37CF900E1DE3B4A700FAE008 /* Emojica.framework */; settings = {ATTRIBUTES = (CodeSignOnCopy, RemoveHeadersOnCopy, ); }; };
		37CF8FF81DE3B42600FAE008 /* AppDelegate.swift in Sources */ = {isa = PBXBuildFile; fileRef = 37CF8FF71DE3B42600FAE008 /* AppDelegate.swift */; };
		37CF8FFA1DE3B42600FAE008 /* ViewController.swift in Sources */ = {isa = PBXBuildFile; fileRef = 37CF8FF91DE3B42600FAE008 /* ViewController.swift */; };
		37CF8FFD1DE3B42600FAE008 /* Main.storyboard in Resources */ = {isa = PBXBuildFile; fileRef = 37CF8FFB1DE3B42600FAE008 /* Main.storyboard */; };
		37CF8FFF1DE3B42600FAE008 /* Assets.xcassets in Resources */ = {isa = PBXBuildFile; fileRef = 37CF8FFE1DE3B42600FAE008 /* Assets.xcassets */; };
		37CF90021DE3B42600FAE008 /* LaunchScreen.storyboard in Resources */ = {isa = PBXBuildFile; fileRef = 37CF90001DE3B42600FAE008 /* LaunchScreen.storyboard */; };
/* End PBXBuildFile section */

/* Begin PBXContainerItemProxy section */
		37756A071DE7A8F8009F197A /* PBXContainerItemProxy */ = {
			isa = PBXContainerItemProxy;
			containerPortal = 37CF90091DE3B4A700FAE008 /* Emojica.xcodeproj */;
			proxyType = 1;
			remoteGlobalIDString = 3755AE171DDF99F5007E5EBF;
			remoteInfo = Emojica;
		};
		37CF900D1DE3B4A700FAE008 /* PBXContainerItemProxy */ = {
			isa = PBXContainerItemProxy;
			containerPortal = 37CF90091DE3B4A700FAE008 /* Emojica.xcodeproj */;
			proxyType = 2;
			remoteGlobalIDString = 3755AE181DDF99F5007E5EBF;
			remoteInfo = Emojica;
		};
/* End PBXContainerItemProxy section */

/* Begin PBXCopyFilesBuildPhase section */
		37756A091DE7A8F8009F197A /* Embed Frameworks */ = {
			isa = PBXCopyFilesBuildPhase;
			buildActionMask = 2147483647;
			dstPath = "";
			dstSubfolderSpec = 10;
			files = (
				37756A061DE7A8F8009F197A /* Emojica.framework in Embed Frameworks */,
			);
			name = "Embed Frameworks";
			runOnlyForDeploymentPostprocessing = 0;
		};
/* End PBXCopyFilesBuildPhase section */

/* Begin PBXFileReference section */
		37CF8FF41DE3B42600FAE008 /* EmojicaExample.app */ = {isa = PBXFileReference; explicitFileType = wrapper.application; includeInIndex = 0; path = EmojicaExample.app; sourceTree = BUILT_PRODUCTS_DIR; };
		37CF8FF71DE3B42600FAE008 /* AppDelegate.swift */ = {isa = PBXFileReference; lastKnownFileType = sourcecode.swift; path = AppDelegate.swift; sourceTree = "<group>"; };
		37CF8FF91DE3B42600FAE008 /* ViewController.swift */ = {isa = PBXFileReference; lastKnownFileType = sourcecode.swift; path = ViewController.swift; sourceTree = "<group>"; };
		37CF8FFC1DE3B42600FAE008 /* Base */ = {isa = PBXFileReference; lastKnownFileType = file.storyboard; name = Base; path = Base.lproj/Main.storyboard; sourceTree = "<group>"; };
		37CF8FFE1DE3B42600FAE008 /* Assets.xcassets */ = {isa = PBXFileReference; lastKnownFileType = folder.assetcatalog; path = Assets.xcassets; sourceTree = "<group>"; };
		37CF90011DE3B42600FAE008 /* Base */ = {isa = PBXFileReference; lastKnownFileType = file.storyboard; name = Base; path = Base.lproj/LaunchScreen.storyboard; sourceTree = "<group>"; };
		37CF90031DE3B42600FAE008 /* Info.plist */ = {isa = PBXFileReference; lastKnownFileType = text.plist.xml; path = Info.plist; sourceTree = "<group>"; };
		37CF90091DE3B4A700FAE008 /* Emojica.xcodeproj */ = {isa = PBXFileReference; lastKnownFileType = "wrapper.pb-project"; name = Emojica.xcodeproj; path = ../../Emojica.xcodeproj; sourceTree = "<group>"; };
/* End PBXFileReference section */

/* Begin PBXFrameworksBuildPhase section */
		37CF8FF11DE3B42600FAE008 /* Frameworks */ = {
			isa = PBXFrameworksBuildPhase;
			buildActionMask = 2147483647;
			files = (
				37756A051DE7A8F8009F197A /* Emojica.framework in Frameworks */,
			);
			runOnlyForDeploymentPostprocessing = 0;
		};
/* End PBXFrameworksBuildPhase section */

/* Begin PBXGroup section */
		37009FBD1DF4934900AE002E /* Images */ = {
			isa = PBXGroup;
			children = (
			);
			name = Images;
			sourceTree = "<group>";
		};
		37CF8FEB1DE3B42500FAE008 = {
			isa = PBXGroup;
			children = (
				37CF90091DE3B4A700FAE008 /* Emojica.xcodeproj */,
				37CF8FF61DE3B42600FAE008 /* Files */,
				37CF8FF51DE3B42600FAE008 /* Products */,
			);
			sourceTree = "<group>";
		};
		37CF8FF51DE3B42600FAE008 /* Products */ = {
			isa = PBXGroup;
			children = (
				37CF8FF41DE3B42600FAE008 /* EmojicaExample.app */,
			);
			name = Products;
			sourceTree = "<group>";
		};
		37CF8FF61DE3B42600FAE008 /* Files */ = {
			isa = PBXGroup;
			children = (
				37CF8FF71DE3B42600FAE008 /* AppDelegate.swift */,
				37CF8FF91DE3B42600FAE008 /* ViewController.swift */,
				37CF8FFB1DE3B42600FAE008 /* Main.storyboard */,
				37CF8FFE1DE3B42600FAE008 /* Assets.xcassets */,
				37CF90001DE3B42600FAE008 /* LaunchScreen.storyboard */,
				37CF90031DE3B42600FAE008 /* Info.plist */,
				37009FBD1DF4934900AE002E /* Images */,
			);
			path = Files;
			sourceTree = "<group>";
		};
		37CF900A1DE3B4A700FAE008 /* Products */ = {
			isa = PBXGroup;
			children = (
				37CF900E1DE3B4A700FAE008 /* Emojica.framework */,
			);
			name = Products;
			sourceTree = "<group>";
		};
/* End PBXGroup section */

/* Begin PBXNativeTarget section */
		37CF8FF31DE3B42600FAE008 /* EmojicaExample */ = {
			isa = PBXNativeTarget;
			buildConfigurationList = 37CF90061DE3B42600FAE008 /* Build configuration list for PBXNativeTarget "EmojicaExample" */;
			buildPhases = (
				37CF8FF01DE3B42600FAE008 /* Sources */,
				37CF8FF11DE3B42600FAE008 /* Frameworks */,
				37CF8FF21DE3B42600FAE008 /* Resources */,
				37756A091DE7A8F8009F197A /* Embed Frameworks */,
			);
			buildRules = (
			);
			dependencies = (
				37756A081DE7A8F8009F197A /* PBXTargetDependency */,
			);
			name = EmojicaExample;
			productName = EmojicaExample;
			productReference = 37CF8FF41DE3B42600FAE008 /* EmojicaExample.app */;
			productType = "com.apple.product-type.application";
		};
/* End PBXNativeTarget section */

/* Begin PBXProject section */
		37CF8FEC1DE3B42500FAE008 /* Project object */ = {
			isa = PBXProject;
			attributes = {
				LastSwiftUpdateCheck = 0810;
				LastUpgradeCheck = 0830;
				ORGANIZATIONNAME = "Dan Lindholm";
				TargetAttributes = {
					37CF8FF31DE3B42600FAE008 = {
						CreatedOnToolsVersion = 8.1;
						ProvisioningStyle = Automatic;
					};
				};
			};
			buildConfigurationList = 37CF8FEF1DE3B42500FAE008 /* Build configuration list for PBXProject "EmojicaExample" */;
			compatibilityVersion = "Xcode 3.2";
			developmentRegion = English;
			hasScannedForEncodings = 0;
			knownRegions = (
				en,
				Base,
			);
			mainGroup = 37CF8FEB1DE3B42500FAE008;
			productRefGroup = 37CF8FF51DE3B42600FAE008 /* Products */;
			projectDirPath = "";
			projectReferences = (
				{
					ProductGroup = 37CF900A1DE3B4A700FAE008 /* Products */;
					ProjectRef = 37CF90091DE3B4A700FAE008 /* Emojica.xcodeproj */;
				},
			);
			projectRoot = "";
			targets = (
				37CF8FF31DE3B42600FAE008 /* EmojicaExample */,
			);
		};
/* End PBXProject section */

/* Begin PBXReferenceProxy section */
		37CF900E1DE3B4A700FAE008 /* Emojica.framework */ = {
			isa = PBXReferenceProxy;
			fileType = wrapper.framework;
			path = Emojica.framework;
			remoteRef = 37CF900D1DE3B4A700FAE008 /* PBXContainerItemProxy */;
			sourceTree = BUILT_PRODUCTS_DIR;
		};
/* End PBXReferenceProxy section */

/* Begin PBXResourcesBuildPhase section */
		37CF8FF21DE3B42600FAE008 /* Resources */ = {
			isa = PBXResourcesBuildPhase;
			buildActionMask = 2147483647;
			files = (
				37CF90021DE3B42600FAE008 /* LaunchScreen.storyboard in Resources */,
				37CF8FFF1DE3B42600FAE008 /* Assets.xcassets in Resources */,
				37CF8FFD1DE3B42600FAE008 /* Main.storyboard in Resources */,
			);
			runOnlyForDeploymentPostprocessing = 0;
		};
/* End PBXResourcesBuildPhase section */

/* Begin PBXSourcesBuildPhase section */
		37CF8FF01DE3B42600FAE008 /* Sources */ = {
			isa = PBXSourcesBuildPhase;
			buildActionMask = 2147483647;
			files = (
				37CF8FFA1DE3B42600FAE008 /* ViewController.swift in Sources */,
				37CF8FF81DE3B42600FAE008 /* AppDelegate.swift in Sources */,
			);
			runOnlyForDeploymentPostprocessing = 0;
		};
/* End PBXSourcesBuildPhase section */

/* Begin PBXTargetDependency section */
		37756A081DE7A8F8009F197A /* PBXTargetDependency */ = {
			isa = PBXTargetDependency;
			name = Emojica;
			targetProxy = 37756A071DE7A8F8009F197A /* PBXContainerItemProxy */;
		};
/* End PBXTargetDependency section */

/* Begin PBXVariantGroup section */
		37CF8FFB1DE3B42600FAE008 /* Main.storyboard */ = {
			isa = PBXVariantGroup;
			children = (
				37CF8FFC1DE3B42600FAE008 /* Base */,
			);
			name = Main.storyboard;
			sourceTree = "<group>";
		};
		37CF90001DE3B42600FAE008 /* LaunchScreen.storyboard */ = {
			isa = PBXVariantGroup;
			children = (
				37CF90011DE3B42600FAE008 /* Base */,
			);
			name = LaunchScreen.storyboard;
			sourceTree = "<group>";
		};
/* End PBXVariantGroup section */

/* Begin XCBuildConfiguration section */
		37CF90041DE3B42600FAE008 /* Debug */ = {
			isa = XCBuildConfiguration;
			buildSettings = {
				ALWAYS_SEARCH_USER_PATHS = NO;
				CLANG_ANALYZER_NONNULL = YES;
				CLANG_CXX_LANGUAGE_STANDARD = "gnu++0x";
				CLANG_CXX_LIBRARY = "libc++";
				CLANG_ENABLE_MODULES = YES;
				CLANG_ENABLE_OBJC_ARC = YES;
				CLANG_WARN_BOOL_CONVERSION = YES;
				CLANG_WARN_CONSTANT_CONVERSION = YES;
				CLANG_WARN_DIRECT_OBJC_ISA_USAGE = YES_ERROR;
				CLANG_WARN_DOCUMENTATION_COMMENTS = YES;
				CLANG_WARN_EMPTY_BODY = YES;
				CLANG_WARN_ENUM_CONVERSION = YES;
				CLANG_WARN_INFINITE_RECURSION = YES;
				CLANG_WARN_INT_CONVERSION = YES;
				CLANG_WARN_OBJC_ROOT_CLASS = YES_ERROR;
				CLANG_WARN_SUSPICIOUS_MOVE = YES;
				CLANG_WARN_SUSPICIOUS_MOVES = YES;
				CLANG_WARN_UNREACHABLE_CODE = YES;
				CLANG_WARN__DUPLICATE_METHOD_MATCH = YES;
				"CODE_SIGN_IDENTITY[sdk=iphoneos*]" = "iPhone Developer";
				COPY_PHASE_STRIP = NO;
				DEBUG_INFORMATION_FORMAT = dwarf;
				ENABLE_STRICT_OBJC_MSGSEND = YES;
				ENABLE_TESTABILITY = YES;
				GCC_C_LANGUAGE_STANDARD = gnu99;
				GCC_DYNAMIC_NO_PIC = NO;
				GCC_NO_COMMON_BLOCKS = YES;
				GCC_OPTIMIZATION_LEVEL = 0;
				GCC_PREPROCESSOR_DEFINITIONS = (
					"DEBUG=1",
					"$(inherited)",
				);
				GCC_WARN_64_TO_32_BIT_CONVERSION = YES;
				GCC_WARN_ABOUT_RETURN_TYPE = YES_ERROR;
				GCC_WARN_UNDECLARED_SELECTOR = YES;
				GCC_WARN_UNINITIALIZED_AUTOS = YES_AGGRESSIVE;
				GCC_WARN_UNUSED_FUNCTION = YES;
				GCC_WARN_UNUSED_VARIABLE = YES;
				IPHONEOS_DEPLOYMENT_TARGET = 10.1;
				MTL_ENABLE_DEBUG_INFO = YES;
				ONLY_ACTIVE_ARCH = YES;
				SDKROOT = iphoneos;
				SWIFT_ACTIVE_COMPILATION_CONDITIONS = DEBUG;
				SWIFT_OPTIMIZATION_LEVEL = "-Onone";
				TARGETED_DEVICE_FAMILY = "1,2";
			};
			name = Debug;
		};
		37CF90051DE3B42600FAE008 /* Release */ = {
			isa = XCBuildConfiguration;
			buildSettings = {
				ALWAYS_SEARCH_USER_PATHS = NO;
				CLANG_ANALYZER_NONNULL = YES;
				CLANG_CXX_LANGUAGE_STANDARD = "gnu++0x";
				CLANG_CXX_LIBRARY = "libc++";
				CLANG_ENABLE_MODULES = YES;
				CLANG_ENABLE_OBJC_ARC = YES;
				CLANG_WARN_BOOL_CONVERSION = YES;
				CLANG_WARN_CONSTANT_CONVERSION = YES;
				CLANG_WARN_DIRECT_OBJC_ISA_USAGE = YES_ERROR;
				CLANG_WARN_DOCUMENTATION_COMMENTS = YES;
				CLANG_WARN_EMPTY_BODY = YES;
				CLANG_WARN_ENUM_CONVERSION = YES;
				CLANG_WARN_INFINITE_RECURSION = YES;
				CLANG_WARN_INT_CONVERSION = YES;
				CLANG_WARN_OBJC_ROOT_CLASS = YES_ERROR;
				CLANG_WARN_SUSPICIOUS_MOVE = YES;
				CLANG_WARN_SUSPICIOUS_MOVES = YES;
				CLANG_WARN_UNREACHABLE_CODE = YES;
				CLANG_WARN__DUPLICATE_METHOD_MATCH = YES;
				"CODE_SIGN_IDENTITY[sdk=iphoneos*]" = "iPhone Developer";
				COPY_PHASE_STRIP = NO;
				DEBUG_INFORMATION_FORMAT = "dwarf-with-dsym";
				ENABLE_NS_ASSERTIONS = NO;
				ENABLE_STRICT_OBJC_MSGSEND = YES;
				GCC_C_LANGUAGE_STANDARD = gnu99;
				GCC_NO_COMMON_BLOCKS = YES;
				GCC_WARN_64_TO_32_BIT_CONVERSION = YES;
				GCC_WARN_ABOUT_RETURN_TYPE = YES_ERROR;
				GCC_WARN_UNDECLARED_SELECTOR = YES;
				GCC_WARN_UNINITIALIZED_AUTOS = YES_AGGRESSIVE;
				GCC_WARN_UNUSED_FUNCTION = YES;
				GCC_WARN_UNUSED_VARIABLE = YES;
				IPHONEOS_DEPLOYMENT_TARGET = 10.1;
				MTL_ENABLE_DEBUG_INFO = NO;
				SDKROOT = iphoneos;
				SWIFT_OPTIMIZATION_LEVEL = "-Owholemodule";
				TARGETED_DEVICE_FAMILY = "1,2";
				VALIDATE_PRODUCT = YES;
			};
			name = Release;
		};
		37CF90071DE3B42600FAE008 /* Debug */ = {
			isa = XCBuildConfiguration;
			buildSettings = {
				ALWAYS_EMBED_SWIFT_STANDARD_LIBRARIES = YES;
				ASSETCATALOG_COMPILER_APPICON_NAME = AppIcon;
				DEVELOPMENT_TEAM = "";
				INFOPLIST_FILE = "$(SRCROOT)/Files/Info.plist";
				LD_RUNPATH_SEARCH_PATHS = "$(inherited) @executable_path/Frameworks";
				PRODUCT_BUNDLE_IDENTIFIER = com.xoudini.EmojicaExample;
				PRODUCT_NAME = "$(TARGET_NAME)";
				SWIFT_VERSION = 3.0;
			};
			name = Debug;
		};
		37CF90081DE3B42600FAE008 /* Release */ = {
			isa = XCBuildConfiguration;
			buildSettings = {
				ALWAYS_EMBED_SWIFT_STANDARD_LIBRARIES = YES;
				ASSETCATALOG_COMPILER_APPICON_NAME = AppIcon;
				DEVELOPMENT_TEAM = "";
				INFOPLIST_FILE = "$(SRCROOT)/Files/Info.plist";
				LD_RUNPATH_SEARCH_PATHS = "$(inherited) @executable_path/Frameworks";
				PRODUCT_BUNDLE_IDENTIFIER = com.xoudini.EmojicaExample;
				PRODUCT_NAME = "$(TARGET_NAME)";
				SWIFT_VERSION = 3.0;
			};
			name = Release;
		};
/* End XCBuildConfiguration section */

/* Begin XCConfigurationList section */
		37CF8FEF1DE3B42500FAE008 /* Build configuration list for PBXProject "EmojicaExample" */ = {
			isa = XCConfigurationList;
			buildConfigurations = (
				37CF90041DE3B42600FAE008 /* Debug */,
				37CF90051DE3B42600FAE008 /* Release */,
			);
			defaultConfigurationIsVisible = 0;
			defaultConfigurationName = Release;
		};
		37CF90061DE3B42600FAE008 /* Build configuration list for PBXNativeTarget "EmojicaExample" */ = {
			isa = XCConfigurationList;
			buildConfigurations = (
				37CF90071DE3B42600FAE008 /* Debug */,
				37CF90081DE3B42600FAE008 /* Release */,
			);
			defaultConfigurationIsVisible = 0;
			defaultConfigurationName = Release;
		};
/* End XCConfigurationList section */
	};
	rootObject = 37CF8FEC1DE3B42500FAE008 /* Project object */;
}
